{
  "name": "learning",
  "version": "1.0.0",
  "description": "",
  "main": "test.js",
  "scripts": {
    "start": "node test.js",
    "test": "echo \"Error: no test specified\" && exit 1"
  },
  "repository": {
    "type": "git",
    "url": "git+https://github.com/RidhamShah/nodejsApp.git"
  },
  "keywords": [
    "NODEAPP"
  ],
  "author": "Ridham Shah",
  "license": "ISC",
  "bugs": {
    "url": "https://github.com/RidhamShah/nodejsApp/issues"
  },
  "homepage": "https://github.com/RidhamShah/nodejsApp#readme"
}
